
Microsoft Visual Studio Solution File, Format Version 12.00
# Visual Studio Version 16
VisualStudioVersion = 16.0.30204.135
MinimumVisualStudioVersion = 10.0.40219.1
Project("{9A19103F-16F7-4668-BE54-9A1E7A4F7556}") = "iServzAPI", "iServzAPI.csproj", "{EF1521FB-5D73-4ED0-A38C-39D189090461}"
EndProject
Project("{00D1A9C2-B5F0-4AF3-8072-F6C62B433612}") = "iServzDB", "..\iServzDB\iServzDB.sqlproj", "{AA14D6E0-C275-4F51-BB78-D02C965715B0}"
EndProject
Global
	GlobalSection(SolutionConfigurationPlatforms) = preSolution
		Debug|Any CPU = Debug|Any CPU
		Release|Any CPU = Release|Any CPU
	EndGlobalSection
	GlobalSection(ProjectConfigurationPlatforms) = postSolution
		{EF1521FB-5D73-4ED0-A38C-39D189090461}.Debug|Any CPU.ActiveCfg = Debug|Any CPU
		{EF1521FB-5D73-4ED0-A38C-39D189090461}.Debug|Any CPU.Build.0 = Debug|Any CPU
		{EF1521FB-5D73-4ED0-A38C-39D189090461}.Release|Any CPU.ActiveCfg = Release|Any CPU
		{EF1521FB-5D73-4ED0-A38C-39D189090461}.Release|Any CPU.Build.0 = Release|Any CPU
		{AA14D6E0-C275-4F51-BB78-D02C965715B0}.Debug|Any CPU.ActiveCfg = Debug|Any CPU
		{AA14D6E0-C275-4F51-BB78-D02C965715B0}.Debug|Any CPU.Build.0 = Debug|Any CPU
		{AA14D6E0-C275-4F51-BB78-D02C965715B0}.Debug|Any CPU.Deploy.0 = Debug|Any CPU
		{AA14D6E0-C275-4F51-BB78-D02C965715B0}.Release|Any CPU.ActiveCfg = Release|Any CPU
		{AA14D6E0-C275-4F51-BB78-D02C965715B0}.Release|Any CPU.Build.0 = Release|Any CPU
		{AA14D6E0-C275-4F51-BB78-D02C965715B0}.Release|Any CPU.Deploy.0 = Release|Any CPU
	EndGlobalSection
	GlobalSection(SolutionProperties) = preSolution
		HideSolutionNode = FALSE
	EndGlobalSection
	GlobalSection(ExtensibilityGlobals) = postSolution
		SolutionGuid = {5C3945C6-3FC7-4E08-B9F1-20708AF2CA50}
	EndGlobalSection
EndGlobal
